# THIS IS AN AUTOGENERATED FILE. DO NOT EDIT THIS FILE DIRECTLY.
# yarn lockfile v1


fsevents@~2.3.1:
  version "2.3.2"
  resolved "https://registry.nlark.com/fsevents/download/fsevents-2.3.2.tgz#8a526f78b8fdf4623b709e0b975c52c24c02fd1a"
  integrity sha1-ilJveLj99GI7cJ4Ll1xSwkwC/Ro=

rollup@^2.51.2:
  version "2.51.2"
  resolved "https://registry.nlark.com/rollup/download/rollup-2.51.2.tgz#6de71e28c833089a0bd745a09671a3e2b92af6b7"
  integrity sha1-beceKMgzCJoL10WglnGj4rkq9rc=
  optionalDependencies:
    fsevents "~2.3.1"
